// !$*UTF8*$!
{
	archiveVersion = 1;
	classes = {
	};
	objectVersion = 55;
	objects = {

/* Begin PBXBuildFile section */
		3016DD412814F4E500C01480 /* AppDelegate.swift in Sources */ = {isa = PBXBuildFile; fileRef = 3016DD402814F4E500C01480 /* AppDelegate.swift */; };
		3016DD432814F4E500C01480 /* SceneDelegate.swift in Sources */ = {isa = PBXBuildFile; fileRef = 3016DD422814F4E500C01480 /* SceneDelegate.swift */; };
		3016DD452814F4E500C01480 /* InfoListTableViewController.swift in Sources */ = {isa = PBXBuildFile; fileRef = 3016DD442814F4E500C01480 /* InfoListTableViewController.swift */; };
		3016DD482814F4E500C01480 /* Main.storyboard in Resources */ = {isa = PBXBuildFile; fileRef = 3016DD462814F4E500C01480 /* Main.storyboard */; };
		3016DD4A2814F4E700C01480 /* Assets.xcassets in Resources */ = {isa = PBXBuildFile; fileRef = 3016DD492814F4E700C01480 /* Assets.xcassets */; };
		3016DD4D2814F4E700C01480 /* LaunchScreen.storyboard in Resources */ = {isa = PBXBuildFile; fileRef = 3016DD4B2814F4E700C01480 /* LaunchScreen.storyboard */; };
		3016DD552814F91300C01480 /* Constants.swift in Sources */ = {isa = PBXBuildFile; fileRef = 3016DD542814F91300C01480 /* Constants.swift */; };
/* End PBXBuildFile section */

/* Begin PBXFileReference section */
		3016DD3D2814F4E500C01480 /* Tiny Stories.app */ = {isa = PBXFileReference; explicitFileType = wrapper.application; includeInIndex = 0; path = "Tiny Stories.app"; sourceTree = BUILT_PRODUCTS_DIR; };
		3016DD402814F4E500C01480 /* AppDelegate.swift */ = {isa = PBXFileReference; lastKnownFileType = sourcecode.swift; path = AppDelegate.swift; sourceTree = "<group>"; };
		3016DD422814F4E500C01480 /* SceneDelegate.swift */ = {isa = PBXFileReference; lastKnownFileType = sourcecode.swift; path = SceneDelegate.swift; sourceTree = "<group>"; };
		3016DD442814F4E500C01480 /* InfoListTableViewController.swift */ = {isa = PBXFileReference; lastKnownFileType = sourcecode.swift; path = InfoListTableViewController.swift; sourceTree = "<group>"; };
		3016DD472814F4E500C01480 /* Base */ = {isa = PBXFileReference; lastKnownFileType = file.storyboard; name = Base; path = Base.lproj/Main.storyboard; sourceTree = "<group>"; };
		3016DD492814F4E700C01480 /* Assets.xcassets */ = {isa = PBXFileReference; lastKnownFileType = folder.assetcatalog; path = Assets.xcassets; sourceTree = "<group>"; };
		3016DD4C2814F4E700C01480 /* Base */ = {isa = PBXFileReference; lastKnownFileType = file.storyboard; name = Base; path = Base.lproj/LaunchScreen.storyboard; sourceTree = "<group>"; };
		3016DD4E2814F4E700C01480 /* Info.plist */ = {isa = PBXFileReference; lastKnownFileType = text.plist.xml; path = Info.plist; sourceTree = "<group>"; };
		3016DD542814F91300C01480 /* Constants.swift */ = {isa = PBXFileReference; lastKnownFileType = sourcecode.swift; path = Constants.swift; sourceTree = "<group>"; };
/* End PBXFileReference section */

/* Begin PBXFrameworksBuildPhase section */
		3016DD3A2814F4E500C01480 /* Frameworks */ = {
			isa = PBXFrameworksBuildPhase;
			buildActionMask = 2147483647;
			files = (
			);
			runOnlyForDeploymentPostprocessing = 0;
		};
/* End PBXFrameworksBuildPhase section */

/* Begin PBXGroup section */
		3016DD342814F4E500C01480 = {
			isa = PBXGroup;
			children = (
				3016DD3F2814F4E500C01480 /* Tiny Stories */,
				3016DD3E2814F4E500C01480 /* Products */,
			);
			sourceTree = "<group>";
		};
		3016DD3E2814F4E500C01480 /* Products */ = {
			isa = PBXGroup;
			children = (
				3016DD3D2814F4E500C01480 /* Tiny Stories.app */,
			);
			name = Products;
			sourceTree = "<group>";
		};
		3016DD3F2814F4E500C01480 /* Tiny Stories */ = {
			isa = PBXGroup;
			children = (
				3016DD592815019D00C01480 /* Lifecycle Functions */,
				3016DD562815016F00C01480 /* Controllers */,
				3016DD572815017B00C01480 /* Views */,
				3016DD492814F4E700C01480 /* Assets.xcassets */,
				3016DD4E2814F4E700C01480 /* Info.plist */,
				3016DD582815018D00C01480 /* Utilities */,
			);
			path = "Tiny Stories";
			sourceTree = "<group>";
		};
		3016DD562815016F00C01480 /* Controllers */ = {
			isa = PBXGroup;
			children = (
				3016DD442814F4E500C01480 /* InfoListTableViewController.swift */,
			);
			path = Controllers;
			sourceTree = "<group>";
		};
		3016DD572815017B00C01480 /* Views */ = {
			isa = PBXGroup;
			children = (
				3016DD462814F4E500C01480 /* Main.storyboard */,
				3016DD4B2814F4E700C01480 /* LaunchScreen.storyboard */,
			);
			path = Views;
			sourceTree = "<group>";
		};
		3016DD582815018D00C01480 /* Utilities */ = {
			isa = PBXGroup;
			children = (
				3016DD542814F91300C01480 /* Constants.swift */,
			);
			path = Utilities;
			sourceTree = "<group>";
		};
		3016DD592815019D00C01480 /* Lifecycle Functions */ = {
			isa = PBXGroup;
			children = (
				3016DD402814F4E500C01480 /* AppDelegate.swift */,
				3016DD422814F4E500C01480 /* SceneDelegate.swift */,
			);
			path = "Lifecycle Functions";
			sourceTree = "<group>";
		};
/* End PBXGroup section */

/* Begin PBXNativeTarget section */
		3016DD3C2814F4E500C01480 /* Tiny Stories */ = {
			isa = PBXNativeTarget;
			buildConfigurationList = 3016DD512814F4E700C01480 /* Build configuration list for PBXNativeTarget "Tiny Stories" */;
			buildPhases = (
				3016DD392814F4E500C01480 /* Sources */,
				3016DD3A2814F4E500C01480 /* Frameworks */,
				3016DD3B2814F4E500C01480 /* Resources */,
			);
			buildRules = (
			);
			dependencies = (
			);
			name = "Tiny Stories";
			productName = "Tiny Stories";
			productReference = 3016DD3D2814F4E500C01480 /* Tiny Stories.app */;
			productType = "com.apple.product-type.application";
		};
/* End PBXNativeTarget section */

/* Begin PBXProject section */
		3016DD352814F4E500C01480 /* Project object */ = {
			isa = PBXProject;
			attributes = {
				BuildIndependentTargetsInParallel = 1;
				LastSwiftUpdateCheck = 1330;
				LastUpgradeCheck = 1330;
				TargetAttributes = {
					3016DD3C2814F4E500C01480 = {
						CreatedOnToolsVersion = 13.3.1;
					};
				};
			};
			buildConfigurationList = 3016DD382814F4E500C01480 /* Build configuration list for PBXProject "Tiny Stories" */;
			compatibilityVersion = "Xcode 13.0";
			developmentRegion = en;
			hasScannedForEncodings = 0;
			knownRegions = (
				en,
				Base,
			);
			mainGroup = 3016DD342814F4E500C01480;
			productRefGroup = 3016DD3E2814F4E500C01480 /* Products */;
			projectDirPath = "";
			projectRoot = "";
			targets = (
				3016DD3C2814F4E500C01480 /* Tiny Stories */,
			);
		};
/* End PBXProject section */

/* Begin PBXResourcesBuildPhase section */
		3016DD3B2814F4E500C01480 /* Resources */ = {
			isa = PBXResourcesBuildPhase;
			buildActionMask = 2147483647;
			files = (
				3016DD4D2814F4E700C01480 /* LaunchScreen.storyboard in Resources */,
				3016DD4A2814F4E700C01480 /* Assets.xcassets in Resources */,
				3016DD482814F4E500C01480 /* Main.storyboard in Resources */,
			);
			runOnlyForDeploymentPostprocessing = 0;
		};
/* End PBXResourcesBuildPhase section */

/* Begin PBXSourcesBuildPhase section */
		3016DD392814F4E500C01480 /* Sources */ = {
			isa = PBXSourcesBuildPhase;
			buildActionMask = 2147483647;
			files = (
				3016DD452814F4E500C01480 /* InfoListTableViewController.swift in Sources */,
				3016DD412814F4E500C01480 /* AppDelegate.swift in Sources */,
				3016DD432814F4E500C01480 /* SceneDelegate.swift in Sources */,
				3016DD552814F91300C01480 /* Constants.swift in Sources */,
			);
			runOnlyForDeploymentPostprocessing = 0;
		};
/* End PBXSourcesBuildPhase section */

/* Begin PBXVariantGroup section */
		3016DD462814F4E500C01480 /* Main.storyboard */ = {
			isa = PBXVariantGroup;
			children = (
				3016DD472814F4E500C01480 /* Base */,
			);
			name = Main.storyboard;
			sourceTree = "<group>";
		};
		3016DD4B2814F4E700C01480 /* LaunchScreen.storyboard */ = {
			isa = PBXVariantGroup;
			children = (
				3016DD4C2814F4E700C01480 /* Base */,
			);
			name = LaunchScreen.storyboard;
			sourceTree = "<group>";
		};
/* End PBXVariantGroup section */

/* Begin XCBuildConfiguration section */
		3016DD4F2814F4E700C01480 /* Debug */ = {
			isa = XCBuildConfiguration;
			buildSettings = {
				ALWAYS_SEARCH_USER_PATHS = NO;
				CLANG_ANALYZER_NONNULL = YES;
				CLANG_ANALYZER_NUMBER_OBJECT_CONVERSION = YES_AGGRESSIVE;
				CLANG_CXX_LANGUAGE_STANDARD = "gnu++17";
				CLANG_ENABLE_MODULES = YES;
				CLANG_ENABLE_OBJC_ARC = YES;
				CLANG_ENABLE_OBJC_WEAK = YES;
				CLANG_WARN_BLOCK_CAPTURE_AUTORELEASING = YES;
				CLANG_WARN_BOOL_CONVERSION = YES;
				CLANG_WARN_COMMA = YES;
				CLANG_WARN_CONSTANT_CONVERSION = YES;
				CLANG_WARN_DEPRECATED_OBJC_IMPLEMENTATIONS = YES;
				CLANG_WARN_DIRECT_OBJC_ISA_USAGE = YES_ERROR;
				CLANG_WARN_DOCUMENTATION_COMMENTS = YES;
				CLANG_WARN_EMPTY_BODY = YES;
				CLANG_WARN_ENUM_CONVERSION = YES;
				CLANG_WARN_INFINITE_RECURSION = YES;
				CLANG_WARN_INT_CONVERSION = YES;
				CLANG_WARN_NON_LITERAL_NULL_CONVERSION = YES;
				CLANG_WARN_OBJC_IMPLICIT_RETAIN_SELF = YES;
				CLANG_WARN_OBJC_LITERAL_CONVERSION = YES;
				CLANG_WARN_OBJC_ROOT_CLASS = YES_ERROR;
				CLANG_WARN_QUOTED_INCLUDE_IN_FRAMEWORK_HEADER = YES;
				CLANG_WARN_RANGE_LOOP_ANALYSIS = YES;
				CLANG_WARN_STRICT_PROTOTYPES = YES;
				CLANG_WARN_SUSPICIOUS_MOVE = YES;
				CLANG_WARN_UNGUARDED_AVAILABILITY = YES_AGGRESSIVE;
				CLANG_WARN_UNREACHABLE_CODE = YES;
				CLANG_WARN__DUPLICATE_METHOD_MATCH = YES;
				COPY_PHASE_STRIP = NO;
				DEBUG_INFORMATION_FORMAT = dwarf;
				ENABLE_STRICT_OBJC_MSGSEND = YES;
				ENABLE_TESTABILITY = YES;
				GCC_C_LANGUAGE_STANDARD = gnu11;
				GCC_DYNAMIC_NO_PIC = NO;
				GCC_NO_COMMON_BLOCKS = YES;
				GCC_OPTIMIZATION_LEVEL = 0;
				GCC_PREPROCESSOR_DEFINITIONS = (
					"DEBUG=1",
					"$(inherited)",
				);
				GCC_WARN_64_TO_32_BIT_CONVERSION = YES;
				GCC_WARN_ABOUT_RETURN_TYPE = YES_ERROR;
				GCC_WARN_UNDECLARED_SELECTOR = YES;
				GCC_WARN_UNINITIALIZED_AUTOS = YES_AGGRESSIVE;
				GCC_WARN_UNUSED_FUNCTION = YES;
				GCC_WARN_UNUSED_VARIABLE = YES;
				IPHONEOS_DEPLOYMENT_TARGET = 15.4;
				MTL_ENABLE_DEBUG_INFO = INCLUDE_SOURCE;
				MTL_FAST_MATH = YES;
				ONLY_ACTIVE_ARCH = YES;
				SDKROOT = iphoneos;
				SWIFT_ACTIVE_COMPILATION_CONDITIONS = DEBUG;
				SWIFT_OPTIMIZATION_LEVEL = "-Onone";
			};
			name = Debug;
		};
		3016DD502814F4E700C01480 /* Release */ = {
			isa = XCBuildConfiguration;
			buildSettings = {
				ALWAYS_SEARCH_USER_PATHS = NO;
				CLANG_ANALYZER_NONNULL = YES;
				CLANG_ANALYZER_NUMBER_OBJECT_CONVERSION = YES_AGGRESSIVE;
				CLANG_CXX_LANGUAGE_STANDARD = "gnu++17";
				CLANG_ENABLE_MODULES = YES;
				CLANG_ENABLE_OBJC_ARC = YES;
				CLANG_ENABLE_OBJC_WEAK = YES;
				CLANG_WARN_BLOCK_CAPTURE_AUTORELEASING = YES;
				CLANG_WARN_BOOL_CONVERSION = YES;
				CLANG_WARN_COMMA = YES;
				CLANG_WARN_CONSTANT_CONVERSION = YES;
				CLANG_WARN_DEPRECATED_OBJC_IMPLEMENTATIONS = YES;
				CLANG_WARN_DIRECT_OBJC_ISA_USAGE = YES_ERROR;
				CLANG_WARN_DOCUMENTATION_COMMENTS = YES;
				CLANG_WARN_EMPTY_BODY = YES;
				CLANG_WARN_ENUM_CONVERSION = YES;
				CLANG_WARN_INFINITE_RECURSION = YES;
				CLANG_WARN_INT_CONVERSION = YES;
				CLANG_WARN_NON_LITERAL_NULL_CONVERSION = YES;
				CLANG_WARN_OBJC_IMPLICIT_RETAIN_SELF = YES;
				CLANG_WARN_OBJC_LITERAL_CONVERSION = YES;
				CLANG_WARN_OBJC_ROOT_CLASS = YES_ERROR;
				CLANG_WARN_QUOTED_INCLUDE_IN_FRAMEWORK_HEADER = YES;
				CLANG_WARN_RANGE_LOOP_ANALYSIS = YES;
				CLANG_WARN_STRICT_PROTOTYPES = YES;
				CLANG_WARN_SUSPICIOUS_MOVE = YES;
				CLANG_WARN_UNGUARDED_AVAILABILITY = YES_AGGRESSIVE;
				CLANG_WARN_UNREACHABLE_CODE = YES;
				CLANG_WARN__DUPLICATE_METHOD_MATCH = YES;
				COPY_PHASE_STRIP = NO;
				DEBUG_INFORMATION_FORMAT = "dwarf-with-dsym";
				ENABLE_NS_ASSERTIONS = NO;
				ENABLE_STRICT_OBJC_MSGSEND = YES;
				GCC_C_LANGUAGE_STANDARD = gnu11;
				GCC_NO_COMMON_BLOCKS = YES;
				GCC_WARN_64_TO_32_BIT_CONVERSION = YES;
				GCC_WARN_ABOUT_RETURN_TYPE = YES_ERROR;
				GCC_WARN_UNDECLARED_SELECTOR = YES;
				GCC_WARN_UNINITIALIZED_AUTOS = YES_AGGRESSIVE;
				GCC_WARN_UNUSED_FUNCTION = YES;
				GCC_WARN_UNUSED_VARIABLE = YES;
				IPHONEOS_DEPLOYMENT_TARGET = 15.4;
				MTL_ENABLE_DEBUG_INFO = NO;
				MTL_FAST_MATH = YES;
				SDKROOT = iphoneos;
				SWIFT_COMPILATION_MODE = wholemodule;
				SWIFT_OPTIMIZATION_LEVEL = "-O";
				VALIDATE_PRODUCT = YES;
			};
			name = Release;
		};
		3016DD522814F4E700C01480 /* Debug */ = {
			isa = XCBuildConfiguration;
			buildSettings = {
				ASSETCATALOG_COMPILER_APPICON_NAME = AppIcon;
				ASSETCATALOG_COMPILER_GLOBAL_ACCENT_COLOR_NAME = AccentColor;
				CODE_SIGN_STYLE = Automatic;
				CURRENT_PROJECT_VERSION = 1;
				DEVELOPMENT_TEAM = 64YNV2N55F;
				GENERATE_INFOPLIST_FILE = YES;
				INFOPLIST_FILE = "Tiny Stories/Info.plist";
				INFOPLIST_KEY_UIApplicationSupportsIndirectInputEvents = YES;
				INFOPLIST_KEY_UILaunchStoryboardName = LaunchScreen;
				INFOPLIST_KEY_UIMainStoryboardFile = Main;
				INFOPLIST_KEY_UISupportedInterfaceOrientations_iPad = "UIInterfaceOrientationPortrait UIInterfaceOrientationPortraitUpsideDown UIInterfaceOrientationLandscapeLeft UIInterfaceOrientationLandscapeRight";
				INFOPLIST_KEY_UISupportedInterfaceOrientations_iPhone = "UIInterfaceOrientationPortrait UIInterfaceOrientationLandscapeLeft UIInterfaceOrientationLandscapeRight";
				LD_RUNPATH_SEARCH_PATHS = (
					"$(inherited)",
					"@executable_path/Frameworks",
				);
				MARKETING_VERSION = 1.0;
				PRODUCT_BUNDLE_IDENTIFIER = "com.deepbluedynamic.Tiny-Stories";
				PRODUCT_NAME = "$(TARGET_NAME)";
				SWIFT_EMIT_LOC_STRINGS = YES;
				SWIFT_VERSION = 5.0;
				TARGETED_DEVICE_FAMILY = "1,2";
			};
			name = Debug;
		};
		3016DD532814F4E700C01480 /* Release */ = {
			isa = XCBuildConfiguration;
			buildSettings = {
				ASSETCATALOG_COMPILER_APPICON_NAME = AppIcon;
				ASSETCATALOG_COMPILER_GLOBAL_ACCENT_COLOR_NAME = AccentColor;
				CODE_SIGN_STYLE = Automatic;
				CURRENT_PROJECT_VERSION = 1;
				DEVELOPMENT_TEAM = 64YNV2N55F;
				GENERATE_INFOPLIST_FILE = YES;
				INFOPLIST_FILE = "Tiny Stories/Info.plist";
				INFOPLIST_KEY_UIApplicationSupportsIndirectInputEvents = YES;
				INFOPLIST_KEY_UILaunchStoryboardName = LaunchScreen;
				INFOPLIST_KEY_UIMainStoryboardFile = Main;
				INFOPLIST_KEY_UISupportedInterfaceOrientations_iPad = "UIInterfaceOrientationPortrait UIInterfaceOrientationPortraitUpsideDown UIInterfaceOrientationLandscapeLeft UIInterfaceOrientationLandscapeRight";
				INFOPLIST_KEY_UISupportedInterfaceOrientations_iPhone = "UIInterfaceOrientationPortrait UIInterfaceOrientationLandscapeLeft UIInterfaceOrientationLandscapeRight";
				LD_RUNPATH_SEARCH_PATHS = (
					"$(inherited)",
					"@executable_path/Frameworks",
				);
				MARKETING_VERSION = 1.0;
				PRODUCT_BUNDLE_IDENTIFIER = "com.deepbluedynamic.Tiny-Stories";
				PRODUCT_NAME = "$(TARGET_NAME)";
				SWIFT_EMIT_LOC_STRINGS = YES;
				SWIFT_VERSION = 5.0;
				TARGETED_DEVICE_FAMILY = "1,2";
			};
			name = Release;
		};
/* End XCBuildConfiguration section */

/* Begin XCConfigurationList section */
		3016DD382814F4E500C01480 /* Build configuration list for PBXProject "Tiny Stories" */ = {
			isa = XCConfigurationList;
			buildConfigurations = (
				3016DD4F2814F4E700C01480 /* Debug */,
				3016DD502814F4E700C01480 /* Release */,
			);
			defaultConfigurationIsVisible = 0;
			defaultConfigurationName = Release;
		};
		3016DD512814F4E700C01480 /* Build configuration list for PBXNativeTarget "Tiny Stories" */ = {
			isa = XCConfigurationList;
			buildConfigurations = (
				3016DD522814F4E700C01480 /* Debug */,
				3016DD532814F4E700C01480 /* Release */,
			);
			defaultConfigurationIsVisible = 0;
			defaultConfigurationName = Release;
		};
/* End XCConfigurationList section */
	};
	rootObject = 3016DD352814F4E500C01480 /* Project object */;
}
